
Microsoft Visual Studio Solution File, Format Version 12.00
# Visual Studio Version 17
VisualStudioVersion = 17.13.35919.96 d17.13
MinimumVisualStudioVersion = 10.0.40219.1
Project("{FAE04EC0-301F-11D3-BF4B-00C04F79EFBC}") = "Execute", "Execute\Execute.csproj", "{09CB590C-B13B-4B8B-88B5-C733A08088E4}"
EndProject
Global
	GlobalSection(SolutionConfigurationPlatforms) = preSolution
		Debug|Any CPU = Debug|Any CPU
		Release|Any CPU = Release|Any CPU
	EndGlobalSection
	GlobalSection(ProjectConfigurationPlatforms) = postSolution
		{09CB590C-B13B-4B8B-88B5-C733A08088E4}.Debug|Any CPU.ActiveCfg = Debug|Any CPU
		{09CB590C-B13B-4B8B-88B5-C733A08088E4}.Debug|Any CPU.Build.0 = Debug|Any CPU
		{09CB590C-B13B-4B8B-88B5-C733A08088E4}.Release|Any CPU.ActiveCfg = Release|Any CPU
		{09CB590C-B13B-4B8B-88B5-C733A08088E4}.Release|Any CPU.Build.0 = Release|Any CPU
	EndGlobalSection
	GlobalSection(SolutionProperties) = preSolution
		HideSolutionNode = FALSE
	EndGlobalSection
	GlobalSection(ExtensibilityGlobals) = postSolution
		SolutionGuid = {F14F06B9-3B45-4854-A32A-E6B78F58F6B2}
	EndGlobalSection
EndGlobal
